
Microsoft Visual Studio Solution File, Format Version 12.00
# Visual Studio 15
VisualStudioVersion = 15.0.27428.2037
MinimumVisualStudioVersion = 10.0.40219.1
Project("{FAE04EC0-301F-11D3-BF4B-00C04F79EFBC}") = "PasswordProtector", "PasswordProtector\PasswordProtector.csproj", "{401F3180-58CF-4B34-9083-2A973D84B951}"
EndProject
Project("{FAE04EC0-301F-11D3-BF4B-00C04F79EFBC}") = "PasswordProtector.Console", "PasswordProtector.Console\PasswordProtector.Console.csproj", "{AFEE8C16-310A-4189-BFA1-74066759154D}"
EndProject
Global
	GlobalSection(SolutionConfigurationPlatforms) = preSolution
		Debug|Any CPU = Debug|Any CPU
		Debug|x86 = Debug|x86
		Release|Any CPU = Release|Any CPU
		Release|x86 = Release|x86
	EndGlobalSection
	GlobalSection(ProjectConfigurationPlatforms) = postSolution
		{401F3180-58CF-4B34-9083-2A973D84B951}.Debug|Any CPU.ActiveCfg = Debug|Any CPU
		{401F3180-58CF-4B34-9083-2A973D84B951}.Debug|Any CPU.Build.0 = Debug|Any CPU
		{401F3180-58CF-4B34-9083-2A973D84B951}.Debug|x86.ActiveCfg = Debug|x86
		{401F3180-58CF-4B34-9083-2A973D84B951}.Debug|x86.Build.0 = Debug|x86
		{401F3180-58CF-4B34-9083-2A973D84B951}.Release|Any CPU.ActiveCfg = Release|Any CPU
		{401F3180-58CF-4B34-9083-2A973D84B951}.Release|Any CPU.Build.0 = Release|Any CPU
		{401F3180-58CF-4B34-9083-2A973D84B951}.Release|x86.ActiveCfg = Release|x86
		{401F3180-58CF-4B34-9083-2A973D84B951}.Release|x86.Build.0 = Release|x86
		{AFEE8C16-310A-4189-BFA1-74066759154D}.Debug|Any CPU.ActiveCfg = Debug|Any CPU
		{AFEE8C16-310A-4189-BFA1-74066759154D}.Debug|Any CPU.Build.0 = Debug|Any CPU
		{AFEE8C16-310A-4189-BFA1-74066759154D}.Debug|x86.ActiveCfg = Debug|Any CPU
		{AFEE8C16-310A-4189-BFA1-74066759154D}.Debug|x86.Build.0 = Debug|Any CPU
		{AFEE8C16-310A-4189-BFA1-74066759154D}.Release|Any CPU.ActiveCfg = Release|Any CPU
		{AFEE8C16-310A-4189-BFA1-74066759154D}.Release|Any CPU.Build.0 = Release|Any CPU
		{AFEE8C16-310A-4189-BFA1-74066759154D}.Release|x86.ActiveCfg = Release|Any CPU
		{AFEE8C16-310A-4189-BFA1-74066759154D}.Release|x86.Build.0 = Release|Any CPU
	EndGlobalSection
	GlobalSection(SolutionProperties) = preSolution
		HideSolutionNode = FALSE
	EndGlobalSection
	GlobalSection(ExtensibilityGlobals) = postSolution
		SolutionGuid = {F11E5F16-A269-408A-8F90-B578D9B5604D}
	EndGlobalSection
EndGlobal
